
Microsoft Visual Studio Solution File, Format Version 12.00
# Visual Studio Version 17
VisualStudioVersion = 17.4.33213.308
MinimumVisualStudioVersion = 10.0.40219.1
Project("{2150E333-8FDC-42A3-9474-1A3956D46DE8}") = "Behavioral", "Behavioral", "{51C3EF11-FBF7-46F3-850A-F4DC013A97A5}"
EndProject
Project("{2150E333-8FDC-42A3-9474-1A3956D46DE8}") = "Creational", "Creational", "{A7B91A20-D5D3-46DC-9295-BF365AEE9E30}"
EndProject
Project("{2150E333-8FDC-42A3-9474-1A3956D46DE8}") = "Structural", "Structural", "{FE7DDD80-4902-450F-BC38-E8387BF187BC}"
EndProject
Project("{9A19103F-16F7-4668-BE54-9A1E7A4F7556}") = "BehavioralPatterns", "BehavioralPatterns\BehavioralPatterns.csproj", "{0A7DEF96-6C82-43DA-98C2-3981D32021AD}"
EndProject
Project("{9A19103F-16F7-4668-BE54-9A1E7A4F7556}") = "CreationalPatterns", "CreationalPatterns\CreationalPatterns.csproj", "{F0E71A06-9C4D-47F1-94FD-8032B233FFF5}"
EndProject
Project("{9A19103F-16F7-4668-BE54-9A1E7A4F7556}") = "StructuralPatterns", "StructuralPatterns\StructuralPatterns.csproj", "{DBD4FA04-72EF-40C8-84FD-4DBA68535EF9}"
EndProject
Global
	GlobalSection(SolutionConfigurationPlatforms) = preSolution
		Debug|Any CPU = Debug|Any CPU
		Release|Any CPU = Release|Any CPU
	EndGlobalSection
	GlobalSection(ProjectConfigurationPlatforms) = postSolution
		{0A7DEF96-6C82-43DA-98C2-3981D32021AD}.Debug|Any CPU.ActiveCfg = Debug|Any CPU
		{0A7DEF96-6C82-43DA-98C2-3981D32021AD}.Debug|Any CPU.Build.0 = Debug|Any CPU
		{0A7DEF96-6C82-43DA-98C2-3981D32021AD}.Release|Any CPU.ActiveCfg = Release|Any CPU
		{0A7DEF96-6C82-43DA-98C2-3981D32021AD}.Release|Any CPU.Build.0 = Release|Any CPU
		{F0E71A06-9C4D-47F1-94FD-8032B233FFF5}.Debug|Any CPU.ActiveCfg = Debug|Any CPU
		{F0E71A06-9C4D-47F1-94FD-8032B233FFF5}.Debug|Any CPU.Build.0 = Debug|Any CPU
		{F0E71A06-9C4D-47F1-94FD-8032B233FFF5}.Release|Any CPU.ActiveCfg = Release|Any CPU
		{F0E71A06-9C4D-47F1-94FD-8032B233FFF5}.Release|Any CPU.Build.0 = Release|Any CPU
		{DBD4FA04-72EF-40C8-84FD-4DBA68535EF9}.Debug|Any CPU.ActiveCfg = Debug|Any CPU
		{DBD4FA04-72EF-40C8-84FD-4DBA68535EF9}.Debug|Any CPU.Build.0 = Debug|Any CPU
		{DBD4FA04-72EF-40C8-84FD-4DBA68535EF9}.Release|Any CPU.ActiveCfg = Release|Any CPU
		{DBD4FA04-72EF-40C8-84FD-4DBA68535EF9}.Release|Any CPU.Build.0 = Release|Any CPU
	EndGlobalSection
	GlobalSection(SolutionProperties) = preSolution
		HideSolutionNode = FALSE
	EndGlobalSection
	GlobalSection(NestedProjects) = preSolution
		{0A7DEF96-6C82-43DA-98C2-3981D32021AD} = {51C3EF11-FBF7-46F3-850A-F4DC013A97A5}
		{F0E71A06-9C4D-47F1-94FD-8032B233FFF5} = {A7B91A20-D5D3-46DC-9295-BF365AEE9E30}
		{DBD4FA04-72EF-40C8-84FD-4DBA68535EF9} = {FE7DDD80-4902-450F-BC38-E8387BF187BC}
	EndGlobalSection
	GlobalSection(ExtensibilityGlobals) = postSolution
		SolutionGuid = {6C92978E-7B38-4C57-8BF1-B9F4C4DB1D0D}
	EndGlobalSection
EndGlobal
